
Microsoft Visual Studio Solution File, Format Version 12.00
# Visual Studio 14
VisualStudioVersion = 14.0.25420.1
MinimumVisualStudioVersion = 10.0.40219.1
Project("{FAE04EC0-301F-11D3-BF4B-00C04F79EFBC}") = "2.0", "2.0\2.0.csproj", "{AB83CE26-3B3A-4AF9-AC56-8A9BA8CD7D9C}"
EndProject
Global
	GlobalSection(SolutionConfigurationPlatforms) = preSolution
		Debug|Any CPU = Debug|Any CPU
		Release|Any CPU = Release|Any CPU
	EndGlobalSection
	GlobalSection(ProjectConfigurationPlatforms) = postSolution
		{AB83CE26-3B3A-4AF9-AC56-8A9BA8CD7D9C}.Debug|Any CPU.ActiveCfg = Debug|Any CPU
		{AB83CE26-3B3A-4AF9-AC56-8A9BA8CD7D9C}.Debug|Any CPU.Build.0 = Debug|Any CPU
		{AB83CE26-3B3A-4AF9-AC56-8A9BA8CD7D9C}.Release|Any CPU.ActiveCfg = Release|Any CPU
		{AB83CE26-3B3A-4AF9-AC56-8A9BA8CD7D9C}.Release|Any CPU.Build.0 = Release|Any CPU
	EndGlobalSection
	GlobalSection(SolutionProperties) = preSolution
		HideSolutionNode = FALSE
	EndGlobalSection
EndGlobal
